
Microsoft Visual Studio Solution File, Format Version 12.00
# Visual Studio 14
VisualStudioVersion = 14.0.23107.0
MinimumVisualStudioVersion = 10.0.40219.1
Project("{FAE04EC0-301F-11D3-BF4B-00C04F79EFBC}") = "UlrikHovsgaardAlgorithm", "UlrikHovsgaardAlgorithm\UlrikHovsgaardAlgorithm.csproj", "{E20275A3-673F-4C14-B9D2-6D8C4DEF034D}"
EndProject
Global
	GlobalSection(SolutionConfigurationPlatforms) = preSolution
		Debug|Any CPU = Debug|Any CPU
		Release|Any CPU = Release|Any CPU
	EndGlobalSection
	GlobalSection(ProjectConfigurationPlatforms) = postSolution
		{E20275A3-673F-4C14-B9D2-6D8C4DEF034D}.Debug|Any CPU.ActiveCfg = Debug|Any CPU
		{E20275A3-673F-4C14-B9D2-6D8C4DEF034D}.Debug|Any CPU.Build.0 = Debug|Any CPU
		{E20275A3-673F-4C14-B9D2-6D8C4DEF034D}.Release|Any CPU.ActiveCfg = Release|Any CPU
		{E20275A3-673F-4C14-B9D2-6D8C4DEF034D}.Release|Any CPU.Build.0 = Release|Any CPU
	EndGlobalSection
	GlobalSection(SolutionProperties) = preSolution
		HideSolutionNode = FALSE
	EndGlobalSection
EndGlobal
