
Microsoft Visual Studio Solution File, Format Version 12.00
# Visual Studio 15
VisualStudioVersion = 15.0.26730.12
MinimumVisualStudioVersion = 10.0.40219.1
Project("{FAE04EC0-301F-11D3-BF4B-00C04F79EFBC}") = "UlrikHovsgaardAlgorithm", "UlrikHovsgaardAlgorithm\UlrikHovsgaardAlgorithm.csproj", "{E20275A3-673F-4C14-B9D2-6D8C4DEF034D}"
EndProject
Project("{FAE04EC0-301F-11D3-BF4B-00C04F79EFBC}") = "UlrikHovsgaardWpf", "UlrikHovsgaardWpf\UlrikHovsgaardWpf.csproj", "{D5CD5E2D-09BD-4B3C-86F5-C43A11A1684E}"
EndProject
Project("{FAE04EC0-301F-11D3-BF4B-00C04F79EFBC}") = "UlrikHovsgaardAlgorithmTests", "UlrikHovsgaardAlgorithmTests\UlrikHovsgaardAlgorithmTests.csproj", "{9DA7B032-EAAA-46A4-B7B4-26C277A1BBE7}"
EndProject
Project("{FAE04EC0-301F-11D3-BF4B-00C04F79EFBC}") = "UlrikHovsgaardWpfTests", "UlrikHovsgaardWpfTests\UlrikHovsgaardWpfTests.csproj", "{94630914-8856-4A65-9F76-885AD6CEF19B}"
EndProject
Project("{FAE04EC0-301F-11D3-BF4B-00C04F79EFBC}") = "MiningAndRedundancyRemovalDll", "MiningAndRedundancyRemovalDll\MiningAndRedundancyRemovalDll.csproj", "{91186F54-448A-43D7-BD6A-FA66C6932733}"
EndProject
Project("{FAE04EC0-301F-11D3-BF4B-00C04F79EFBC}") = "RedundancyRemoverComparerWpf", "RedundancyRemoverComparerWpf\RedundancyRemoverComparerWpf.csproj", "{929FDC68-E8DF-4867-B279-8C2CB3E9D7AC}"
EndProject
Global
	GlobalSection(SolutionConfigurationPlatforms) = preSolution
		Debug|Any CPU = Debug|Any CPU
		Release|Any CPU = Release|Any CPU
	EndGlobalSection
	GlobalSection(ProjectConfigurationPlatforms) = postSolution
		{E20275A3-673F-4C14-B9D2-6D8C4DEF034D}.Debug|Any CPU.ActiveCfg = Debug|Any CPU
		{E20275A3-673F-4C14-B9D2-6D8C4DEF034D}.Debug|Any CPU.Build.0 = Debug|Any CPU
		{E20275A3-673F-4C14-B9D2-6D8C4DEF034D}.Release|Any CPU.ActiveCfg = Release|Any CPU
		{E20275A3-673F-4C14-B9D2-6D8C4DEF034D}.Release|Any CPU.Build.0 = Release|Any CPU
		{D5CD5E2D-09BD-4B3C-86F5-C43A11A1684E}.Debug|Any CPU.ActiveCfg = Debug|Any CPU
		{D5CD5E2D-09BD-4B3C-86F5-C43A11A1684E}.Debug|Any CPU.Build.0 = Debug|Any CPU
		{D5CD5E2D-09BD-4B3C-86F5-C43A11A1684E}.Release|Any CPU.ActiveCfg = Release|Any CPU
		{D5CD5E2D-09BD-4B3C-86F5-C43A11A1684E}.Release|Any CPU.Build.0 = Release|Any CPU
		{9DA7B032-EAAA-46A4-B7B4-26C277A1BBE7}.Debug|Any CPU.ActiveCfg = Debug|Any CPU
		{9DA7B032-EAAA-46A4-B7B4-26C277A1BBE7}.Debug|Any CPU.Build.0 = Debug|Any CPU
		{9DA7B032-EAAA-46A4-B7B4-26C277A1BBE7}.Release|Any CPU.ActiveCfg = Release|Any CPU
		{9DA7B032-EAAA-46A4-B7B4-26C277A1BBE7}.Release|Any CPU.Build.0 = Release|Any CPU
		{94630914-8856-4A65-9F76-885AD6CEF19B}.Debug|Any CPU.ActiveCfg = Debug|Any CPU
		{94630914-8856-4A65-9F76-885AD6CEF19B}.Debug|Any CPU.Build.0 = Debug|Any CPU
		{94630914-8856-4A65-9F76-885AD6CEF19B}.Release|Any CPU.ActiveCfg = Release|Any CPU
		{94630914-8856-4A65-9F76-885AD6CEF19B}.Release|Any CPU.Build.0 = Release|Any CPU
		{91186F54-448A-43D7-BD6A-FA66C6932733}.Debug|Any CPU.ActiveCfg = Debug|Any CPU
		{91186F54-448A-43D7-BD6A-FA66C6932733}.Debug|Any CPU.Build.0 = Debug|Any CPU
		{91186F54-448A-43D7-BD6A-FA66C6932733}.Release|Any CPU.ActiveCfg = Release|Any CPU
		{91186F54-448A-43D7-BD6A-FA66C6932733}.Release|Any CPU.Build.0 = Release|Any CPU
		{929FDC68-E8DF-4867-B279-8C2CB3E9D7AC}.Debug|Any CPU.ActiveCfg = Debug|Any CPU
		{929FDC68-E8DF-4867-B279-8C2CB3E9D7AC}.Debug|Any CPU.Build.0 = Debug|Any CPU
		{929FDC68-E8DF-4867-B279-8C2CB3E9D7AC}.Release|Any CPU.ActiveCfg = Release|Any CPU
		{929FDC68-E8DF-4867-B279-8C2CB3E9D7AC}.Release|Any CPU.Build.0 = Release|Any CPU
	EndGlobalSection
	GlobalSection(SolutionProperties) = preSolution
		HideSolutionNode = FALSE
	EndGlobalSection
	GlobalSection(ExtensibilityGlobals) = postSolution
		SolutionGuid = {CB5E7238-B82F-4C93-B9F2-4AEF10EC1D8D}
	EndGlobalSection
EndGlobal
